
Microsoft Visual Studio Solution File, Format Version 12.00
# Visual Studio Version 16
VisualStudioVersion = 16.0.33027.164
MinimumVisualStudioVersion = 10.0.40219.1
Project("{8BC9CEB8-8B4A-11D0-8D11-00A0C91BC942}") = "HW3_1(red-black tree)v3.0", "HW3_1(red-black tree)v3.0.vcxproj", "{A4E951CC-6923-4FFF-BAC1-F03514050176}"
EndProject
Global
	GlobalSection(SolutionConfigurationPlatforms) = preSolution
		Debug|x64 = Debug|x64
		Debug|x86 = Debug|x86
		Release|x64 = Release|x64
		Release|x86 = Release|x86
	EndGlobalSection
	GlobalSection(ProjectConfigurationPlatforms) = postSolution
		{A4E951CC-6923-4FFF-BAC1-F03514050176}.Debug|x64.ActiveCfg = Debug|x64
		{A4E951CC-6923-4FFF-BAC1-F03514050176}.Debug|x64.Build.0 = Debug|x64
		{A4E951CC-6923-4FFF-BAC1-F03514050176}.Debug|x86.ActiveCfg = Debug|Win32
		{A4E951CC-6923-4FFF-BAC1-F03514050176}.Debug|x86.Build.0 = Debug|Win32
		{A4E951CC-6923-4FFF-BAC1-F03514050176}.Release|x64.ActiveCfg = Release|x64
		{A4E951CC-6923-4FFF-BAC1-F03514050176}.Release|x64.Build.0 = Release|x64
		{A4E951CC-6923-4FFF-BAC1-F03514050176}.Release|x86.ActiveCfg = Release|Win32
		{A4E951CC-6923-4FFF-BAC1-F03514050176}.Release|x86.Build.0 = Release|Win32
	EndGlobalSection
	GlobalSection(SolutionProperties) = preSolution
		HideSolutionNode = FALSE
	EndGlobalSection
	GlobalSection(ExtensibilityGlobals) = postSolution
		SolutionGuid = {7D3D7E23-03F8-425E-B36F-51AD2A92EC0B}
	EndGlobalSection
EndGlobal
